<?xml version="1.0" encoding="UTF-8"?>
<CONFIG>
  <ProjectOptions>
    <Version Value="10"/>
    <General>
      <Flags>
        <MainUnitHasCreateFormStatements Value="False"/>
        <MainUnitHasTitleStatement Value="False"/>
        <MainUnitHasScaledStatement Value="False"/>
      </Flags>
      <SessionStorage Value="InProjectDir"/>
      <MainUnit Value="0"/>
      <Title Value="pint"/>
      <UseAppBundle Value="False"/>
      <ResourceType Value="res"/>
    </General>
    <BuildModes Count="1">
      <Item1 Name="Default" Default="True"/>
    </BuildModes>
    <PublishOptions>
      <Version Value="2"/>
    </PublishOptions>
    <RunParams>
      <local>
        <FormatVersion Value="1"/>
      </local>
    </RunParams>
    <Units Count="10">
      <Unit0>
        <Filename Value="pint.pas"/>
        <IsPartOfProject Value="True"/>
      </Unit0>
      <Unit1>
        <Filename Value="pcodeobj.pas"/>
        <IsPartOfProject Value="True"/>
        <UnitName Value="PCodeObj"/>
      </Unit1>
      <Unit2>
        <Filename Value="gconsts.pas"/>
        <IsPartOfProject Value="True"/>
        <UnitName Value="GConsts"/>
      </Unit2>
      <Unit3>
        <Filename Value="iconsts.pas"/>
        <IsPartOfProject Value="True"/>
        <UnitName Value="IConsts"/>
      </Unit3>
      <Unit4>
        <Filename Value="pcodeops.pas"/>
        <IsPartOfProject Value="True"/>
        <UnitName Value="PCodeOps"/>
      </Unit4>
      <Unit5>
        <Filename Value="gtypes.pas"/>
        <IsPartOfProject Value="True"/>
        <UnitName Value="GTypes"/>
      </Unit5>
      <Unit6>
        <Filename Value="gtables.pas"/>
        <IsPartOfProject Value="True"/>
        <UnitName Value="GTables"/>
      </Unit6>
      <Unit7>
        <Filename Value="istack.pas"/>
        <IsPartOfProject Value="True"/>
        <UnitName Value="IStack"/>
      </Unit7>
      <Unit8>
        <Filename Value="itypes.pas"/>
        <IsPartOfProject Value="True"/>
        <UnitName Value="ITypes"/>
      </Unit8>
      <Unit9>
        <Filename Value="ireader.pas"/>
        <IsPartOfProject Value="True"/>
        <UnitName Value="IReader"/>
      </Unit9>
    </Units>
  </ProjectOptions>
  <CompilerOptions>
    <Version Value="11"/>
    <Target>
      <Filename Value="pint"/>
    </Target>
    <SearchPaths>
      <IncludeFiles Value="$(ProjOutDir)"/>
      <UnitOutputDirectory Value="lib/$(TargetCPU)-$(TargetOS)"/>
    </SearchPaths>
  </CompilerOptions>
  <Debugging>
    <Exceptions Count="3">
      <Item1>
        <Name Value="EAbort"/>
      </Item1>
      <Item2>
        <Name Value="ECodetoolError"/>
      </Item2>
      <Item3>
        <Name Value="EFOpenError"/>
      </Item3>
    </Exceptions>
  </Debugging>
</CONFIG>
