<?xml version="1.0" encoding="UTF-8"?>
<CONFIG>
  <ProjectOptions>
    <Version Value="11"/>
    <General>
      <Flags>
        <MainUnitHasCreateFormStatements Value="False"/>
        <MainUnitHasTitleStatement Value="False"/>
        <MainUnitHasScaledStatement Value="False"/>
      </Flags>
      <SessionStorage Value="InProjectDir"/>
      <MainUnit Value="0"/>
      <Title Value="pint"/>
      <UseAppBundle Value="False"/>
      <ResourceType Value="res"/>
    </General>
    <BuildModes Count="1">
      <Item1 Name="Default" Default="True"/>
    </BuildModes>
    <PublishOptions>
      <Version Value="2"/>
    </PublishOptions>
    <RunParams>
      <FormatVersion Value="2"/>
      <Modes Count="1">
        <Mode0 Name="default"/>
      </Modes>
    </RunParams>
    <Units Count="17">
      <Unit0>
        <Filename Value="pint.pas"/>
        <IsPartOfProject Value="True"/>
      </Unit0>
      <Unit1>
        <Filename Value="pcodeobj.pas"/>
        <IsPartOfProject Value="True"/>
        <UnitName Value="PCodeObj"/>
      </Unit1>
      <Unit2>
        <Filename Value="gconsts.pas"/>
        <IsPartOfProject Value="True"/>
        <UnitName Value="GConsts"/>
      </Unit2>
      <Unit3>
        <Filename Value="pcodeops.pas"/>
        <IsPartOfProject Value="True"/>
        <UnitName Value="PCodeOps"/>
      </Unit3>
      <Unit4>
        <Filename Value="gtypes.pas"/>
        <IsPartOfProject Value="True"/>
        <UnitName Value="GTypes"/>
      </Unit4>
      <Unit5>
        <Filename Value="gtables.pas"/>
        <IsPartOfProject Value="True"/>
        <UnitName Value="GTables"/>
      </Unit5>
      <Unit6>
        <Filename Value="pcode.stfun.pas"/>
        <IsPartOfProject Value="True"/>
        <UnitName Value="PCode.Stfun"/>
      </Unit6>
      <Unit7>
        <Filename Value="pcodetyp.pas"/>
        <IsPartOfProject Value="True"/>
      </Unit7>
      <Unit8>
        <Filename Value="pint.bitset.pas"/>
        <IsPartOfProject Value="True"/>
        <UnitName Value="Pint.Bitset"/>
      </Unit8>
      <Unit9>
        <Filename Value="pint.consts.pas"/>
        <IsPartOfProject Value="True"/>
      </Unit9>
      <Unit10>
        <Filename Value="pint.errors.pas"/>
        <IsPartOfProject Value="True"/>
        <UnitName Value="PInt.Errors"/>
      </Unit10>
      <Unit11>
        <Filename Value="pint.ops.pas"/>
        <IsPartOfProject Value="True"/>
        <UnitName Value="Pint.Ops"/>
      </Unit11>
      <Unit12>
        <Filename Value="pint.process.pas"/>
        <IsPartOfProject Value="True"/>
        <UnitName Value="Pint.Process"/>
      </Unit12>
      <Unit13>
        <Filename Value="pint.reader.pas"/>
        <IsPartOfProject Value="True"/>
      </Unit13>
      <Unit14>
        <Filename Value="pint.stack.pas"/>
        <IsPartOfProject Value="True"/>
        <UnitName Value="Pint.Stack"/>
      </Unit14>
      <Unit15>
        <Filename Value="pint.stfun.pas"/>
        <IsPartOfProject Value="True"/>
        <UnitName Value="Pint.Stfun"/>
      </Unit15>
      <Unit16>
        <Filename Value="pint.flow.pas"/>
        <IsPartOfProject Value="True"/>
        <UnitName Value="Pint.Flow"/>
      </Unit16>
    </Units>
  </ProjectOptions>
  <CompilerOptions>
    <Version Value="11"/>
    <Target>
      <Filename Value="pint"/>
    </Target>
    <SearchPaths>
      <IncludeFiles Value="$(ProjOutDir)"/>
      <UnitOutputDirectory Value="lib/$(TargetCPU)-$(TargetOS)"/>
    </SearchPaths>
  </CompilerOptions>
  <Debugging>
    <Exceptions Count="3">
      <Item1>
        <Name Value="EAbort"/>
      </Item1>
      <Item2>
        <Name Value="ECodetoolError"/>
      </Item2>
      <Item3>
        <Name Value="EFOpenError"/>
      </Item3>
    </Exceptions>
  </Debugging>
</CONFIG>
